
Microsoft Visual Studio Solution File, Format Version 12.00
# Visual Studio Version 16
VisualStudioVersion = 16.0.31729.503
MinimumVisualStudioVersion = 10.0.40219.1
Project("{FAE04EC0-301F-11D3-BF4B-00C04F79EFBC}") = "RocketLauncher", "RocketLauncher\RocketLauncher.csproj", "{F13A8C3A-EFE1-4A08-922B-33BB11325BAF}"
EndProject
Global
	GlobalSection(SolutionConfigurationPlatforms) = preSolution
		Debug|Any CPU = Debug|Any CPU
		Release|Any CPU = Release|Any CPU
	EndGlobalSection
	GlobalSection(ProjectConfigurationPlatforms) = postSolution
		{F13A8C3A-EFE1-4A08-922B-33BB11325BAF}.Debug|Any CPU.ActiveCfg = Debug|Any CPU
		{F13A8C3A-EFE1-4A08-922B-33BB11325BAF}.Debug|Any CPU.Build.0 = Debug|Any CPU
		{F13A8C3A-EFE1-4A08-922B-33BB11325BAF}.Release|Any CPU.ActiveCfg = Release|Any CPU
		{F13A8C3A-EFE1-4A08-922B-33BB11325BAF}.Release|Any CPU.Build.0 = Release|Any CPU
	EndGlobalSection
	GlobalSection(SolutionProperties) = preSolution
		HideSolutionNode = FALSE
	EndGlobalSection
	GlobalSection(ExtensibilityGlobals) = postSolution
		SolutionGuid = {7BCE2B53-3E7A-441F-AD23-09268F5C4043}
	EndGlobalSection
EndGlobal
